// !$*UTF8*$!
{
	archiveVersion = 1;
	classes = {
	};
	objectVersion = 50;
	objects = {

/* Begin PBXBuildFile section */
		908D91EF21D3C0AB00C12ECD /* EditProfileViewRobot.swift in Sources */ = {isa = PBXBuildFile; fileRef = 908D91EE21D3C0AB00C12ECD /* EditProfileViewRobot.swift */; };
		908D91F121D3C0B700C12ECD /* EditProfilePresenterTest.swift in Sources */ = {isa = PBXBuildFile; fileRef = 908D91F021D3C0B700C12ECD /* EditProfilePresenterTest.swift */; };
		908D91F321D3C0C100C12ECD /* EditProfileInteractorTest.swift in Sources */ = {isa = PBXBuildFile; fileRef = 908D91F221D3C0C100C12ECD /* EditProfileInteractorTest.swift */; };
		908D91F521D3CB5400C12ECD /* MockEditProfileView.swift in Sources */ = {isa = PBXBuildFile; fileRef = 908D91F421D3CB5400C12ECD /* MockEditProfileView.swift */; };
		908D91F721D3CB6300C12ECD /* MockEditProfileInteractor.swift in Sources */ = {isa = PBXBuildFile; fileRef = 908D91F621D3CB6300C12ECD /* MockEditProfileInteractor.swift */; };
		908D91F921D3CB7700C12ECD /* MockEditProfileService.swift in Sources */ = {isa = PBXBuildFile; fileRef = 908D91F821D3CB7700C12ECD /* MockEditProfileService.swift */; };
		908D91FC21D504E500C12ECD /* UIImageViewExtensions.swift in Sources */ = {isa = PBXBuildFile; fileRef = 908D91FB21D504E500C12ECD /* UIImageViewExtensions.swift */; };
		908D920221D615CD00C12ECD /* MainTabViewController.swift in Sources */ = {isa = PBXBuildFile; fileRef = 908D920121D615CD00C12ECD /* MainTabViewController.swift */; };
		908D920621D6388300C12ECD /* MoreTableViewController.swift in Sources */ = {isa = PBXBuildFile; fileRef = 908D920521D6388300C12ECD /* MoreTableViewController.swift */; };
		908D920921D63BFF00C12ECD /* FilterViewController.swift in Sources */ = {isa = PBXBuildFile; fileRef = 908D920821D63BFF00C12ECD /* FilterViewController.swift */; };
		908D920B21D640D000C12ECD /* LogOutViewController.swift in Sources */ = {isa = PBXBuildFile; fileRef = 908D920A21D640D000C12ECD /* LogOutViewController.swift */; };
		90907F6F21D23F8F0054300C /* EditProfileInputData.swift in Sources */ = {isa = PBXBuildFile; fileRef = 90907F6E21D23F8F0054300C /* EditProfileInputData.swift */; };
		90907F7121D243EA0054300C /* ProfileData.swift in Sources */ = {isa = PBXBuildFile; fileRef = 90907F7021D243EA0054300C /* ProfileData.swift */; };
		90907F7321D244E50054300C /* EditProfileViewState.swift in Sources */ = {isa = PBXBuildFile; fileRef = 90907F7221D244E50054300C /* EditProfileViewState.swift */; };
		90907F7521D246A60054300C /* PartialEditProfileViewState.swift in Sources */ = {isa = PBXBuildFile; fileRef = 90907F7421D246A60054300C /* PartialEditProfileViewState.swift */; };
		90907F7721D248C30054300C /* EditProfileContract.swift in Sources */ = {isa = PBXBuildFile; fileRef = 90907F7621D248C30054300C /* EditProfileContract.swift */; };
		90907F7921D24ADC0054300C /* EditProfilePresenter.swift in Sources */ = {isa = PBXBuildFile; fileRef = 90907F7821D24ADC0054300C /* EditProfilePresenter.swift */; };
		90907F7B21D24AEB0054300C /* EditProfileInteractorImpl.swift in Sources */ = {isa = PBXBuildFile; fileRef = 90907F7A21D24AEB0054300C /* EditProfileInteractorImpl.swift */; };
		90907F7D21D24AF70054300C /* EditProfileServiceImpl.swift in Sources */ = {isa = PBXBuildFile; fileRef = 90907F7C21D24AF70054300C /* EditProfileServiceImpl.swift */; };
		909A8B7521CACDA800166C93 /* AppDelegate.swift in Sources */ = {isa = PBXBuildFile; fileRef = 909A8B7421CACDA800166C93 /* AppDelegate.swift */; };
		909A8B7A21CACDA800166C93 /* Main.storyboard in Resources */ = {isa = PBXBuildFile; fileRef = 909A8B7821CACDA800166C93 /* Main.storyboard */; };
		909A8B7C21CACDAA00166C93 /* Assets.xcassets in Resources */ = {isa = PBXBuildFile; fileRef = 909A8B7B21CACDAA00166C93 /* Assets.xcassets */; };
		909A8B7F21CACDAA00166C93 /* LaunchScreen.storyboard in Resources */ = {isa = PBXBuildFile; fileRef = 909A8B7D21CACDAA00166C93 /* LaunchScreen.storyboard */; };
		909A8BA021CAD05C00166C93 /* InputData.swift in Sources */ = {isa = PBXBuildFile; fileRef = 909A8B9F21CAD05C00166C93 /* InputData.swift */; };
		909A8BA221CAD07800166C93 /* ColorConstants.swift in Sources */ = {isa = PBXBuildFile; fileRef = 909A8BA121CAD07800166C93 /* ColorConstants.swift */; };
		909A8BA421CAD08D00166C93 /* ImageConstants.swift in Sources */ = {isa = PBXBuildFile; fileRef = 909A8BA321CAD08D00166C93 /* ImageConstants.swift */; };
		909A8BA621CAD0A500166C93 /* ViewControllerConstants.swift in Sources */ = {isa = PBXBuildFile; fileRef = 909A8BA521CAD0A500166C93 /* ViewControllerConstants.swift */; };
		909A8BA821CAD0BB00166C93 /* BoardlyTextField.swift in Sources */ = {isa = PBXBuildFile; fileRef = 909A8BA721CAD0BB00166C93 /* BoardlyTextField.swift */; };
		909A8BAA21CAD0CE00166C93 /* BoardlyButton.swift in Sources */ = {isa = PBXBuildFile; fileRef = 909A8BA921CAD0CE00166C93 /* BoardlyButton.swift */; };
		909A8BAC21CAD0EE00166C93 /* BaseNavViewController.swift in Sources */ = {isa = PBXBuildFile; fileRef = 909A8BAB21CAD0EE00166C93 /* BaseNavViewController.swift */; };
		909A8BAE21CAD11100166C93 /* HomeViewController.swift in Sources */ = {isa = PBXBuildFile; fileRef = 909A8BAD21CAD11100166C93 /* HomeViewController.swift */; };
		909A8BB021CAD21600166C93 /* SignUpViewController.swift in Sources */ = {isa = PBXBuildFile; fileRef = 909A8BAF21CAD21600166C93 /* SignUpViewController.swift */; };
		909A8BB221CAD22800166C93 /* LoginViewController.swift in Sources */ = {isa = PBXBuildFile; fileRef = 909A8BB121CAD22800166C93 /* LoginViewController.swift */; };
		909A8BB421CADFD400166C93 /* LoginViewState.swift in Sources */ = {isa = PBXBuildFile; fileRef = 909A8BB321CADFD400166C93 /* LoginViewState.swift */; };
		909A8BB621CADFED00166C93 /* PartialLoginViewState.swift in Sources */ = {isa = PBXBuildFile; fileRef = 909A8BB521CADFED00166C93 /* PartialLoginViewState.swift */; };
		909A8BB821CAE00300166C93 /* LoginContract.swift in Sources */ = {isa = PBXBuildFile; fileRef = 909A8BB721CAE00300166C93 /* LoginContract.swift */; };
		909A8BBA21CAE02500166C93 /* LoginInteractorImpl.swift in Sources */ = {isa = PBXBuildFile; fileRef = 909A8BB921CAE02500166C93 /* LoginInteractorImpl.swift */; };
		909A8BBC21CAE03D00166C93 /* LoginServiceImpl.swift in Sources */ = {isa = PBXBuildFile; fileRef = 909A8BBB21CAE03D00166C93 /* LoginServiceImpl.swift */; };
		909A8BBE21CAE05200166C93 /* LoginPresenter.swift in Sources */ = {isa = PBXBuildFile; fileRef = 909A8BBD21CAE05200166C93 /* LoginPresenter.swift */; };
		909A8BC021CAE0C400166C93 /* SignUpViewState.swift in Sources */ = {isa = PBXBuildFile; fileRef = 909A8BBF21CAE0C400166C93 /* SignUpViewState.swift */; };
		909A8BC221CAE0E700166C93 /* PartialSignUpViewState.swift in Sources */ = {isa = PBXBuildFile; fileRef = 909A8BC121CAE0E700166C93 /* PartialSignUpViewState.swift */; };
		909A8BC421CAE0FE00166C93 /* SignUpContract.swift in Sources */ = {isa = PBXBuildFile; fileRef = 909A8BC321CAE0FE00166C93 /* SignUpContract.swift */; };
		909A8BC621CAE11500166C93 /* SignUpServiceImpl.swift in Sources */ = {isa = PBXBuildFile; fileRef = 909A8BC521CAE11500166C93 /* SignUpServiceImpl.swift */; };
		909A8BC821CAE12C00166C93 /* SignUpInteractorImpl.swift in Sources */ = {isa = PBXBuildFile; fileRef = 909A8BC721CAE12C00166C93 /* SignUpInteractorImpl.swift */; };
		909A8BCA21CAE14A00166C93 /* SignUpPresenter.swift in Sources */ = {isa = PBXBuildFile; fileRef = 909A8BC921CAE14A00166C93 /* SignUpPresenter.swift */; };
		909A8BD221CAE69800166C93 /* MockSignUpView.swift in Sources */ = {isa = PBXBuildFile; fileRef = 909A8BD121CAE69800166C93 /* MockSignUpView.swift */; };
		909A8BD421CAE6AF00166C93 /* MockSignUpInteractor.swift in Sources */ = {isa = PBXBuildFile; fileRef = 909A8BD321CAE6AF00166C93 /* MockSignUpInteractor.swift */; };
		909A8BD621CAE6C500166C93 /* MockSignUpService.swift in Sources */ = {isa = PBXBuildFile; fileRef = 909A8BD521CAE6C500166C93 /* MockSignUpService.swift */; };
		909A8BD821CAE6DB00166C93 /* SignUpViewRobot.swift in Sources */ = {isa = PBXBuildFile; fileRef = 909A8BD721CAE6DB00166C93 /* SignUpViewRobot.swift */; };
		909A8BDA21CAE70400166C93 /* SignUpPresenterTest.swift in Sources */ = {isa = PBXBuildFile; fileRef = 909A8BD921CAE70400166C93 /* SignUpPresenterTest.swift */; };
		909A8BDC21CAE72200166C93 /* SignUpInteractorTest.swift in Sources */ = {isa = PBXBuildFile; fileRef = 909A8BDB21CAE72200166C93 /* SignUpInteractorTest.swift */; };
		909A8BDF21CAE74400166C93 /* MockLoginView.swift in Sources */ = {isa = PBXBuildFile; fileRef = 909A8BDE21CAE74400166C93 /* MockLoginView.swift */; };
		909A8BE121CAE76900166C93 /* MockLoginInteractor.swift in Sources */ = {isa = PBXBuildFile; fileRef = 909A8BE021CAE76900166C93 /* MockLoginInteractor.swift */; };
		909A8BE321CAE78300166C93 /* MockLoginService.swift in Sources */ = {isa = PBXBuildFile; fileRef = 909A8BE221CAE78300166C93 /* MockLoginService.swift */; };
		909A8BE521CAE79F00166C93 /* LoginViewRobot.swift in Sources */ = {isa = PBXBuildFile; fileRef = 909A8BE421CAE79F00166C93 /* LoginViewRobot.swift */; };
		909A8BE721CAE7B700166C93 /* LoginPresenterTest.swift in Sources */ = {isa = PBXBuildFile; fileRef = 909A8BE621CAE7B700166C93 /* LoginPresenterTest.swift */; };
		909A8BE921CAE7CE00166C93 /* LoginInteractorTest.swift in Sources */ = {isa = PBXBuildFile; fileRef = 909A8BE821CAE7CE00166C93 /* LoginInteractorTest.swift */; };
		909A8BEB21CAEB8E00166C93 /* GoogleService-Info.plist in Resources */ = {isa = PBXBuildFile; fileRef = 909A8BEA21CAEB8E00166C93 /* GoogleService-Info.plist */; };
		90A07A2721CE315600EE5349 /* DefaultAuthError.swift in Sources */ = {isa = PBXBuildFile; fileRef = 90A07A2621CE315600EE5349 /* DefaultAuthError.swift */; };
		90A07A2921CE568900EE5349 /* FirebaseConstants.swift in Sources */ = {isa = PBXBuildFile; fileRef = 90A07A2821CE568900EE5349 /* FirebaseConstants.swift */; };
		90D01CDB21D0E847000F710D /* BaseServiceImpl.swift in Sources */ = {isa = PBXBuildFile; fileRef = 90D01CDA21D0E847000F710D /* BaseServiceImpl.swift */; };
		90D01CDE21D0F1BD000F710D /* LoginData.swift in Sources */ = {isa = PBXBuildFile; fileRef = 90D01CDD21D0F1BD000F710D /* LoginData.swift */; };
		90D01CE121D0FF2B000F710D /* EditProfileViewController.swift in Sources */ = {isa = PBXBuildFile; fileRef = 90D01CE021D0FF2B000F710D /* EditProfileViewController.swift */; };
		90F6478B21D7720500C4BB20 /* ViewControllerExtensions.swift in Sources */ = {isa = PBXBuildFile; fileRef = 90F6478A21D7720500C4BB20 /* ViewControllerExtensions.swift */; };
		A4E171C6E7AFA22ECFB910F4 /* Pods_Boardly.framework in Frameworks */ = {isa = PBXBuildFile; fileRef = 5B8CBDFBFC742F9D7E618CBF /* Pods_Boardly.framework */; };
		B780922767D4DE04F782328A /* Pods_BoardlyTests.framework in Frameworks */ = {isa = PBXBuildFile; fileRef = 174973B4561D8E52863E9120 /* Pods_BoardlyTests.framework */; };
/* End PBXBuildFile section */

/* Begin PBXContainerItemProxy section */
		909A8B8621CACDAA00166C93 /* PBXContainerItemProxy */ = {
			isa = PBXContainerItemProxy;
			containerPortal = 909A8B6921CACDA800166C93 /* Project object */;
			proxyType = 1;
			remoteGlobalIDString = 909A8B7021CACDA800166C93;
			remoteInfo = Boardly;
		};
/* End PBXContainerItemProxy section */

/* Begin PBXFileReference section */
		11463FBCF98EDD6910D16713 /* Pods-Boardly.release.xcconfig */ = {isa = PBXFileReference; includeInIndex = 1; lastKnownFileType = text.xcconfig; name = "Pods-Boardly.release.xcconfig"; path = "Pods/Target Support Files/Pods-Boardly/Pods-Boardly.release.xcconfig"; sourceTree = "<group>"; };
		174973B4561D8E52863E9120 /* Pods_BoardlyTests.framework */ = {isa = PBXFileReference; explicitFileType = wrapper.framework; includeInIndex = 0; path = Pods_BoardlyTests.framework; sourceTree = BUILT_PRODUCTS_DIR; };
		1EA71A45AC5D1A4C7F7A241C /* Pods-BoardlyTests.debug.xcconfig */ = {isa = PBXFileReference; includeInIndex = 1; lastKnownFileType = text.xcconfig; name = "Pods-BoardlyTests.debug.xcconfig"; path = "Pods/Target Support Files/Pods-BoardlyTests/Pods-BoardlyTests.debug.xcconfig"; sourceTree = "<group>"; };
		5B8CBDFBFC742F9D7E618CBF /* Pods_Boardly.framework */ = {isa = PBXFileReference; explicitFileType = wrapper.framework; includeInIndex = 0; path = Pods_Boardly.framework; sourceTree = BUILT_PRODUCTS_DIR; };
		908D91EE21D3C0AB00C12ECD /* EditProfileViewRobot.swift */ = {isa = PBXFileReference; lastKnownFileType = sourcecode.swift; path = EditProfileViewRobot.swift; sourceTree = "<group>"; };
		908D91F021D3C0B700C12ECD /* EditProfilePresenterTest.swift */ = {isa = PBXFileReference; lastKnownFileType = sourcecode.swift; path = EditProfilePresenterTest.swift; sourceTree = "<group>"; };
		908D91F221D3C0C100C12ECD /* EditProfileInteractorTest.swift */ = {isa = PBXFileReference; lastKnownFileType = sourcecode.swift; path = EditProfileInteractorTest.swift; sourceTree = "<group>"; };
		908D91F421D3CB5400C12ECD /* MockEditProfileView.swift */ = {isa = PBXFileReference; lastKnownFileType = sourcecode.swift; path = MockEditProfileView.swift; sourceTree = "<group>"; };
		908D91F621D3CB6300C12ECD /* MockEditProfileInteractor.swift */ = {isa = PBXFileReference; lastKnownFileType = sourcecode.swift; path = MockEditProfileInteractor.swift; sourceTree = "<group>"; };
		908D91F821D3CB7700C12ECD /* MockEditProfileService.swift */ = {isa = PBXFileReference; lastKnownFileType = sourcecode.swift; path = MockEditProfileService.swift; sourceTree = "<group>"; };
		908D91FB21D504E500C12ECD /* UIImageViewExtensions.swift */ = {isa = PBXFileReference; lastKnownFileType = sourcecode.swift; path = UIImageViewExtensions.swift; sourceTree = "<group>"; };
		908D920121D615CD00C12ECD /* MainTabViewController.swift */ = {isa = PBXFileReference; lastKnownFileType = sourcecode.swift; path = MainTabViewController.swift; sourceTree = "<group>"; };
		908D920521D6388300C12ECD /* MoreTableViewController.swift */ = {isa = PBXFileReference; lastKnownFileType = sourcecode.swift; path = MoreTableViewController.swift; sourceTree = "<group>"; };
		908D920821D63BFF00C12ECD /* FilterViewController.swift */ = {isa = PBXFileReference; lastKnownFileType = sourcecode.swift; path = FilterViewController.swift; sourceTree = "<group>"; };
		908D920A21D640D000C12ECD /* LogOutViewController.swift */ = {isa = PBXFileReference; lastKnownFileType = sourcecode.swift; path = LogOutViewController.swift; sourceTree = "<group>"; };
		90907F6E21D23F8F0054300C /* EditProfileInputData.swift */ = {isa = PBXFileReference; lastKnownFileType = sourcecode.swift; path = EditProfileInputData.swift; sourceTree = "<group>"; };
		90907F7021D243EA0054300C /* ProfileData.swift */ = {isa = PBXFileReference; lastKnownFileType = sourcecode.swift; path = ProfileData.swift; sourceTree = "<group>"; };
		90907F7221D244E50054300C /* EditProfileViewState.swift */ = {isa = PBXFileReference; lastKnownFileType = sourcecode.swift; path = EditProfileViewState.swift; sourceTree = "<group>"; };
		90907F7421D246A60054300C /* PartialEditProfileViewState.swift */ = {isa = PBXFileReference; lastKnownFileType = sourcecode.swift; path = PartialEditProfileViewState.swift; sourceTree = "<group>"; };
		90907F7621D248C30054300C /* EditProfileContract.swift */ = {isa = PBXFileReference; lastKnownFileType = sourcecode.swift; path = EditProfileContract.swift; sourceTree = "<group>"; };
		90907F7821D24ADC0054300C /* EditProfilePresenter.swift */ = {isa = PBXFileReference; lastKnownFileType = sourcecode.swift; path = EditProfilePresenter.swift; sourceTree = "<group>"; };
		90907F7A21D24AEB0054300C /* EditProfileInteractorImpl.swift */ = {isa = PBXFileReference; lastKnownFileType = sourcecode.swift; path = EditProfileInteractorImpl.swift; sourceTree = "<group>"; };
		90907F7C21D24AF70054300C /* EditProfileServiceImpl.swift */ = {isa = PBXFileReference; lastKnownFileType = sourcecode.swift; path = EditProfileServiceImpl.swift; sourceTree = "<group>"; };
		909A8B7121CACDA800166C93 /* Boardly.app */ = {isa = PBXFileReference; explicitFileType = wrapper.application; includeInIndex = 0; path = Boardly.app; sourceTree = BUILT_PRODUCTS_DIR; };
		909A8B7421CACDA800166C93 /* AppDelegate.swift */ = {isa = PBXFileReference; lastKnownFileType = sourcecode.swift; path = AppDelegate.swift; sourceTree = "<group>"; };
		909A8B7921CACDA800166C93 /* Base */ = {isa = PBXFileReference; lastKnownFileType = file.storyboard; name = Base; path = Base.lproj/Main.storyboard; sourceTree = "<group>"; };
		909A8B7B21CACDAA00166C93 /* Assets.xcassets */ = {isa = PBXFileReference; lastKnownFileType = folder.assetcatalog; path = Assets.xcassets; sourceTree = "<group>"; };
		909A8B7E21CACDAA00166C93 /* Base */ = {isa = PBXFileReference; lastKnownFileType = file.storyboard; name = Base; path = Base.lproj/LaunchScreen.storyboard; sourceTree = "<group>"; };
		909A8B8021CACDAA00166C93 /* Info.plist */ = {isa = PBXFileReference; lastKnownFileType = text.plist.xml; path = Info.plist; sourceTree = "<group>"; };
		909A8B8521CACDAA00166C93 /* BoardlyTests.xctest */ = {isa = PBXFileReference; explicitFileType = wrapper.cfbundle; includeInIndex = 0; path = BoardlyTests.xctest; sourceTree = BUILT_PRODUCTS_DIR; };
		909A8B8B21CACDAA00166C93 /* Info.plist */ = {isa = PBXFileReference; lastKnownFileType = text.plist.xml; path = Info.plist; sourceTree = "<group>"; };
		909A8B9F21CAD05C00166C93 /* InputData.swift */ = {isa = PBXFileReference; lastKnownFileType = sourcecode.swift; path = InputData.swift; sourceTree = "<group>"; };
		909A8BA121CAD07800166C93 /* ColorConstants.swift */ = {isa = PBXFileReference; lastKnownFileType = sourcecode.swift; path = ColorConstants.swift; sourceTree = "<group>"; };
		909A8BA321CAD08D00166C93 /* ImageConstants.swift */ = {isa = PBXFileReference; lastKnownFileType = sourcecode.swift; path = ImageConstants.swift; sourceTree = "<group>"; };
		909A8BA521CAD0A500166C93 /* ViewControllerConstants.swift */ = {isa = PBXFileReference; lastKnownFileType = sourcecode.swift; path = ViewControllerConstants.swift; sourceTree = "<group>"; };
		909A8BA721CAD0BB00166C93 /* BoardlyTextField.swift */ = {isa = PBXFileReference; lastKnownFileType = sourcecode.swift; path = BoardlyTextField.swift; sourceTree = "<group>"; };
		909A8BA921CAD0CE00166C93 /* BoardlyButton.swift */ = {isa = PBXFileReference; lastKnownFileType = sourcecode.swift; path = BoardlyButton.swift; sourceTree = "<group>"; };
		909A8BAB21CAD0EE00166C93 /* BaseNavViewController.swift */ = {isa = PBXFileReference; lastKnownFileType = sourcecode.swift; path = BaseNavViewController.swift; sourceTree = "<group>"; };
		909A8BAD21CAD11100166C93 /* HomeViewController.swift */ = {isa = PBXFileReference; lastKnownFileType = sourcecode.swift; path = HomeViewController.swift; sourceTree = "<group>"; };
		909A8BAF21CAD21600166C93 /* SignUpViewController.swift */ = {isa = PBXFileReference; lastKnownFileType = sourcecode.swift; path = SignUpViewController.swift; sourceTree = "<group>"; };
		909A8BB121CAD22800166C93 /* LoginViewController.swift */ = {isa = PBXFileReference; lastKnownFileType = sourcecode.swift; path = LoginViewController.swift; sourceTree = "<group>"; };
		909A8BB321CADFD400166C93 /* LoginViewState.swift */ = {isa = PBXFileReference; lastKnownFileType = sourcecode.swift; path = LoginViewState.swift; sourceTree = "<group>"; };
		909A8BB521CADFED00166C93 /* PartialLoginViewState.swift */ = {isa = PBXFileReference; lastKnownFileType = sourcecode.swift; path = PartialLoginViewState.swift; sourceTree = "<group>"; };
		909A8BB721CAE00300166C93 /* LoginContract.swift */ = {isa = PBXFileReference; lastKnownFileType = sourcecode.swift; path = LoginContract.swift; sourceTree = "<group>"; };
		909A8BB921CAE02500166C93 /* LoginInteractorImpl.swift */ = {isa = PBXFileReference; lastKnownFileType = sourcecode.swift; path = LoginInteractorImpl.swift; sourceTree = "<group>"; };
		909A8BBB21CAE03D00166C93 /* LoginServiceImpl.swift */ = {isa = PBXFileReference; lastKnownFileType = sourcecode.swift; path = LoginServiceImpl.swift; sourceTree = "<group>"; };
		909A8BBD21CAE05200166C93 /* LoginPresenter.swift */ = {isa = PBXFileReference; lastKnownFileType = sourcecode.swift; path = LoginPresenter.swift; sourceTree = "<group>"; };
		909A8BBF21CAE0C400166C93 /* SignUpViewState.swift */ = {isa = PBXFileReference; lastKnownFileType = sourcecode.swift; path = SignUpViewState.swift; sourceTree = "<group>"; };
		909A8BC121CAE0E700166C93 /* PartialSignUpViewState.swift */ = {isa = PBXFileReference; lastKnownFileType = sourcecode.swift; path = PartialSignUpViewState.swift; sourceTree = "<group>"; };
		909A8BC321CAE0FE00166C93 /* SignUpContract.swift */ = {isa = PBXFileReference; lastKnownFileType = sourcecode.swift; path = SignUpContract.swift; sourceTree = "<group>"; };
		909A8BC521CAE11500166C93 /* SignUpServiceImpl.swift */ = {isa = PBXFileReference; lastKnownFileType = sourcecode.swift; path = SignUpServiceImpl.swift; sourceTree = "<group>"; };
		909A8BC721CAE12C00166C93 /* SignUpInteractorImpl.swift */ = {isa = PBXFileReference; lastKnownFileType = sourcecode.swift; path = SignUpInteractorImpl.swift; sourceTree = "<group>"; };
		909A8BC921CAE14A00166C93 /* SignUpPresenter.swift */ = {isa = PBXFileReference; lastKnownFileType = sourcecode.swift; path = SignUpPresenter.swift; sourceTree = "<group>"; };
		909A8BD121CAE69800166C93 /* MockSignUpView.swift */ = {isa = PBXFileReference; lastKnownFileType = sourcecode.swift; path = MockSignUpView.swift; sourceTree = "<group>"; };
		909A8BD321CAE6AF00166C93 /* MockSignUpInteractor.swift */ = {isa = PBXFileReference; lastKnownFileType = sourcecode.swift; path = MockSignUpInteractor.swift; sourceTree = "<group>"; };
		909A8BD521CAE6C500166C93 /* MockSignUpService.swift */ = {isa = PBXFileReference; lastKnownFileType = sourcecode.swift; path = MockSignUpService.swift; sourceTree = "<group>"; };
		909A8BD721CAE6DB00166C93 /* SignUpViewRobot.swift */ = {isa = PBXFileReference; lastKnownFileType = sourcecode.swift; path = SignUpViewRobot.swift; sourceTree = "<group>"; };
		909A8BD921CAE70400166C93 /* SignUpPresenterTest.swift */ = {isa = PBXFileReference; lastKnownFileType = sourcecode.swift; path = SignUpPresenterTest.swift; sourceTree = "<group>"; };
		909A8BDB21CAE72200166C93 /* SignUpInteractorTest.swift */ = {isa = PBXFileReference; lastKnownFileType = sourcecode.swift; path = SignUpInteractorTest.swift; sourceTree = "<group>"; };
		909A8BDE21CAE74400166C93 /* MockLoginView.swift */ = {isa = PBXFileReference; lastKnownFileType = sourcecode.swift; path = MockLoginView.swift; sourceTree = "<group>"; };
		909A8BE021CAE76900166C93 /* MockLoginInteractor.swift */ = {isa = PBXFileReference; lastKnownFileType = sourcecode.swift; path = MockLoginInteractor.swift; sourceTree = "<group>"; };
		909A8BE221CAE78300166C93 /* MockLoginService.swift */ = {isa = PBXFileReference; lastKnownFileType = sourcecode.swift; path = MockLoginService.swift; sourceTree = "<group>"; };
		909A8BE421CAE79F00166C93 /* LoginViewRobot.swift */ = {isa = PBXFileReference; lastKnownFileType = sourcecode.swift; path = LoginViewRobot.swift; sourceTree = "<group>"; };
		909A8BE621CAE7B700166C93 /* LoginPresenterTest.swift */ = {isa = PBXFileReference; lastKnownFileType = sourcecode.swift; path = LoginPresenterTest.swift; sourceTree = "<group>"; };
		909A8BE821CAE7CE00166C93 /* LoginInteractorTest.swift */ = {isa = PBXFileReference; lastKnownFileType = sourcecode.swift; path = LoginInteractorTest.swift; sourceTree = "<group>"; };
		909A8BEA21CAEB8E00166C93 /* GoogleService-Info.plist */ = {isa = PBXFileReference; fileEncoding = 4; lastKnownFileType = text.plist.xml; path = "GoogleService-Info.plist"; sourceTree = "<group>"; };
		90A07A2621CE315600EE5349 /* DefaultAuthError.swift */ = {isa = PBXFileReference; lastKnownFileType = sourcecode.swift; path = DefaultAuthError.swift; sourceTree = "<group>"; };
		90A07A2821CE568900EE5349 /* FirebaseConstants.swift */ = {isa = PBXFileReference; lastKnownFileType = sourcecode.swift; path = FirebaseConstants.swift; sourceTree = "<group>"; };
		90A07A2A21CE6D0E00EE5349 /* Boardly.entitlements */ = {isa = PBXFileReference; lastKnownFileType = text.plist.entitlements; path = Boardly.entitlements; sourceTree = "<group>"; };
		90D01CDA21D0E847000F710D /* BaseServiceImpl.swift */ = {isa = PBXFileReference; lastKnownFileType = sourcecode.swift; path = BaseServiceImpl.swift; sourceTree = "<group>"; };
		90D01CDD21D0F1BD000F710D /* LoginData.swift */ = {isa = PBXFileReference; lastKnownFileType = sourcecode.swift; path = LoginData.swift; sourceTree = "<group>"; };
		90D01CE021D0FF2B000F710D /* EditProfileViewController.swift */ = {isa = PBXFileReference; lastKnownFileType = sourcecode.swift; path = EditProfileViewController.swift; sourceTree = "<group>"; };
		90F6478A21D7720500C4BB20 /* ViewControllerExtensions.swift */ = {isa = PBXFileReference; lastKnownFileType = sourcecode.swift; path = ViewControllerExtensions.swift; sourceTree = "<group>"; };
		9A3F139836BC7C0AD53049AD /* Pods-Boardly.debug.xcconfig */ = {isa = PBXFileReference; includeInIndex = 1; lastKnownFileType = text.xcconfig; name = "Pods-Boardly.debug.xcconfig"; path = "Pods/Target Support Files/Pods-Boardly/Pods-Boardly.debug.xcconfig"; sourceTree = "<group>"; };
		D7DA30925C02B89ABA9DEEB6 /* Pods-BoardlyTests.release.xcconfig */ = {isa = PBXFileReference; includeInIndex = 1; lastKnownFileType = text.xcconfig; name = "Pods-BoardlyTests.release.xcconfig"; path = "Pods/Target Support Files/Pods-BoardlyTests/Pods-BoardlyTests.release.xcconfig"; sourceTree = "<group>"; };
/* End PBXFileReference section */

/* Begin PBXFrameworksBuildPhase section */
		909A8B6E21CACDA800166C93 /* Frameworks */ = {
			isa = PBXFrameworksBuildPhase;
			buildActionMask = 2147483647;
			files = (
				A4E171C6E7AFA22ECFB910F4 /* Pods_Boardly.framework in Frameworks */,
			);
			runOnlyForDeploymentPostprocessing = 0;
		};
		909A8B8221CACDAA00166C93 /* Frameworks */ = {
			isa = PBXFrameworksBuildPhase;
			buildActionMask = 2147483647;
			files = (
				B780922767D4DE04F782328A /* Pods_BoardlyTests.framework in Frameworks */,
			);
			runOnlyForDeploymentPostprocessing = 0;
		};
/* End PBXFrameworksBuildPhase section */

/* Begin PBXGroup section */
		908D91EC21D3C08900C12ECD /* Edit Profile */ = {
			isa = PBXGroup;
			children = (
				908D91ED21D3C09700C12ECD /* Mocks */,
				908D91EE21D3C0AB00C12ECD /* EditProfileViewRobot.swift */,
				908D91F021D3C0B700C12ECD /* EditProfilePresenterTest.swift */,
				908D91F221D3C0C100C12ECD /* EditProfileInteractorTest.swift */,
			);
			path = "Edit Profile";
			sourceTree = "<group>";
		};
		908D91ED21D3C09700C12ECD /* Mocks */ = {
			isa = PBXGroup;
			children = (
				908D91F421D3CB5400C12ECD /* MockEditProfileView.swift */,
				908D91F621D3CB6300C12ECD /* MockEditProfileInteractor.swift */,
				908D91F821D3CB7700C12ECD /* MockEditProfileService.swift */,
			);
			path = Mocks;
			sourceTree = "<group>";
		};
		908D91FA21D504BD00C12ECD /* Extensions */ = {
			isa = PBXGroup;
			children = (
				908D91FB21D504E500C12ECD /* UIImageViewExtensions.swift */,
				90F6478A21D7720500C4BB20 /* ViewControllerExtensions.swift */,
			);
			path = Extensions;
			sourceTree = "<group>";
		};
		908D920021D615BA00C12ECD /* Navigation */ = {
			isa = PBXGroup;
			children = (
				908D920121D615CD00C12ECD /* MainTabViewController.swift */,
				908D920521D6388300C12ECD /* MoreTableViewController.swift */,
				908D920A21D640D000C12ECD /* LogOutViewController.swift */,
			);
			path = Navigation;
			sourceTree = "<group>";
		};
		908D920721D63BEA00C12ECD /* Filter */ = {
			isa = PBXGroup;
			children = (
				908D920821D63BFF00C12ECD /* FilterViewController.swift */,
			);
			path = Filter;
			sourceTree = "<group>";
		};
		90907F6D21D23F840054300C /* models */ = {
			isa = PBXGroup;
			children = (
				90907F6E21D23F8F0054300C /* EditProfileInputData.swift */,
				90907F7021D243EA0054300C /* ProfileData.swift */,
			);
			path = models;
			sourceTree = "<group>";
		};
		909A8B6821CACDA800166C93 = {
			isa = PBXGroup;
			children = (
				909A8B7321CACDA800166C93 /* Boardly */,
				909A8B8821CACDAA00166C93 /* BoardlyTests */,
				909A8B7221CACDA800166C93 /* Products */,
				F9B7DDA27C68D06EBD5740DB /* Pods */,
				F952813C0A10FCBCA8731E6E /* Frameworks */,
			);
			sourceTree = "<group>";
		};
		909A8B7221CACDA800166C93 /* Products */ = {
			isa = PBXGroup;
			children = (
				909A8B7121CACDA800166C93 /* Boardly.app */,
				909A8B8521CACDAA00166C93 /* BoardlyTests.xctest */,
			);
			name = Products;
			sourceTree = "<group>";
		};
		909A8B7321CACDA800166C93 /* Boardly */ = {
			isa = PBXGroup;
			children = (
				90A07A2A21CE6D0E00EE5349 /* Boardly.entitlements */,
				909A8B7421CACDA800166C93 /* AppDelegate.swift */,
				909A8B9521CACE6A00166C93 /* Common */,
				908D920021D615BA00C12ECD /* Navigation */,
				909A8B9821CACE8400166C93 /* Base */,
				908D91FA21D504BD00C12ECD /* Extensions */,
				909A8B9621CACE7000166C93 /* Constants */,
				909A8B9721CACE7D00166C93 /* Custom Views */,
				909A8B9B21CACE9600166C93 /* Home */,
				908D920721D63BEA00C12ECD /* Filter */,
				909A8B9A21CACE9200166C93 /* Sign Up */,
				909A8B9921CACE8E00166C93 /* Login */,
				90D01CDF21D0FF10000F710D /* Edit Profile */,
				909A8B9C21CACE9F00166C93 /* Storyboards */,
				909A8B9D21CACEA600166C93 /* Resources */,
			);
			path = Boardly;
			sourceTree = "<group>";
		};
		909A8B8821CACDAA00166C93 /* BoardlyTests */ = {
			isa = PBXGroup;
			children = (
				908D91EC21D3C08900C12ECD /* Edit Profile */,
				909A8BCC21CAE5C700166C93 /* Sign Up */,
				909A8BCB21CAE5C200166C93 /* Login */,
				909A8B8B21CACDAA00166C93 /* Info.plist */,
			);
			path = BoardlyTests;
			sourceTree = "<group>";
		};
		909A8B9521CACE6A00166C93 /* Common */ = {
			isa = PBXGroup;
			children = (
				90A07A2521CE314900EE5349 /* Errors */,
				909A8B9E21CAD04F00166C93 /* Models */,
			);
			path = Common;
			sourceTree = "<group>";
		};
		909A8B9621CACE7000166C93 /* Constants */ = {
			isa = PBXGroup;
			children = (
				909A8BA121CAD07800166C93 /* ColorConstants.swift */,
				909A8BA321CAD08D00166C93 /* ImageConstants.swift */,
				909A8BA521CAD0A500166C93 /* ViewControllerConstants.swift */,
				90A07A2821CE568900EE5349 /* FirebaseConstants.swift */,
			);
			path = Constants;
			sourceTree = "<group>";
		};
		909A8B9721CACE7D00166C93 /* Custom Views */ = {
			isa = PBXGroup;
			children = (
				909A8BA721CAD0BB00166C93 /* BoardlyTextField.swift */,
				909A8BA921CAD0CE00166C93 /* BoardlyButton.swift */,
			);
			path = "Custom Views";
			sourceTree = "<group>";
		};
		909A8B9821CACE8400166C93 /* Base */ = {
			isa = PBXGroup;
			children = (
				909A8BAB21CAD0EE00166C93 /* BaseNavViewController.swift */,
				90D01CDA21D0E847000F710D /* BaseServiceImpl.swift */,
			);
			path = Base;
			sourceTree = "<group>";
		};
		909A8B9921CACE8E00166C93 /* Login */ = {
			isa = PBXGroup;
			children = (
				90D01CDC21D0F1B2000F710D /* models */,
				909A8BB121CAD22800166C93 /* LoginViewController.swift */,
				909A8BB321CADFD400166C93 /* LoginViewState.swift */,
				909A8BB521CADFED00166C93 /* PartialLoginViewState.swift */,
				909A8BB721CAE00300166C93 /* LoginContract.swift */,
				909A8BB921CAE02500166C93 /* LoginInteractorImpl.swift */,
				909A8BBB21CAE03D00166C93 /* LoginServiceImpl.swift */,
				909A8BBD21CAE05200166C93 /* LoginPresenter.swift */,
			);
			path = Login;
			sourceTree = "<group>";
		};
		909A8B9A21CACE9200166C93 /* Sign Up */ = {
			isa = PBXGroup;
			children = (
				909A8BAF21CAD21600166C93 /* SignUpViewController.swift */,
				909A8BBF21CAE0C400166C93 /* SignUpViewState.swift */,
				909A8BC121CAE0E700166C93 /* PartialSignUpViewState.swift */,
				909A8BC321CAE0FE00166C93 /* SignUpContract.swift */,
				909A8BC521CAE11500166C93 /* SignUpServiceImpl.swift */,
				909A8BC721CAE12C00166C93 /* SignUpInteractorImpl.swift */,
				909A8BC921CAE14A00166C93 /* SignUpPresenter.swift */,
			);
			path = "Sign Up";
			sourceTree = "<group>";
		};
		909A8B9B21CACE9600166C93 /* Home */ = {
			isa = PBXGroup;
			children = (
				909A8BAD21CAD11100166C93 /* HomeViewController.swift */,
			);
			path = Home;
			sourceTree = "<group>";
		};
		909A8B9C21CACE9F00166C93 /* Storyboards */ = {
			isa = PBXGroup;
			children = (
				909A8B7D21CACDAA00166C93 /* LaunchScreen.storyboard */,
				909A8B7821CACDA800166C93 /* Main.storyboard */,
			);
			path = Storyboards;
			sourceTree = "<group>";
		};
		909A8B9D21CACEA600166C93 /* Resources */ = {
			isa = PBXGroup;
			children = (
				909A8BEA21CAEB8E00166C93 /* GoogleService-Info.plist */,
				909A8B8021CACDAA00166C93 /* Info.plist */,
				909A8B7B21CACDAA00166C93 /* Assets.xcassets */,
			);
			path = Resources;
			sourceTree = "<group>";
		};
		909A8B9E21CAD04F00166C93 /* Models */ = {
			isa = PBXGroup;
			children = (
				909A8B9F21CAD05C00166C93 /* InputData.swift */,
			);
			path = Models;
			sourceTree = "<group>";
		};
		909A8BCB21CAE5C200166C93 /* Login */ = {
			isa = PBXGroup;
			children = (
				909A8BDD21CAE73500166C93 /* Mocks */,
				909A8BE421CAE79F00166C93 /* LoginViewRobot.swift */,
				909A8BE621CAE7B700166C93 /* LoginPresenterTest.swift */,
				909A8BE821CAE7CE00166C93 /* LoginInteractorTest.swift */,
			);
			path = Login;
			sourceTree = "<group>";
		};
		909A8BCC21CAE5C700166C93 /* Sign Up */ = {
			isa = PBXGroup;
			children = (
				909A8BD021CAE68A00166C93 /* Mocks */,
				909A8BD721CAE6DB00166C93 /* SignUpViewRobot.swift */,
				909A8BD921CAE70400166C93 /* SignUpPresenterTest.swift */,
				909A8BDB21CAE72200166C93 /* SignUpInteractorTest.swift */,
			);
			path = "Sign Up";
			sourceTree = "<group>";
		};
		909A8BD021CAE68A00166C93 /* Mocks */ = {
			isa = PBXGroup;
			children = (
				909A8BD121CAE69800166C93 /* MockSignUpView.swift */,
				909A8BD321CAE6AF00166C93 /* MockSignUpInteractor.swift */,
				909A8BD521CAE6C500166C93 /* MockSignUpService.swift */,
			);
			path = Mocks;
			sourceTree = "<group>";
		};
		909A8BDD21CAE73500166C93 /* Mocks */ = {
			isa = PBXGroup;
			children = (
				909A8BDE21CAE74400166C93 /* MockLoginView.swift */,
				909A8BE021CAE76900166C93 /* MockLoginInteractor.swift */,
				909A8BE221CAE78300166C93 /* MockLoginService.swift */,
			);
			path = Mocks;
			sourceTree = "<group>";
		};
		90A07A2521CE314900EE5349 /* Errors */ = {
			isa = PBXGroup;
			children = (
				90A07A2621CE315600EE5349 /* DefaultAuthError.swift */,
			);
			path = Errors;
			sourceTree = "<group>";
		};
		90D01CDC21D0F1B2000F710D /* models */ = {
			isa = PBXGroup;
			children = (
				90D01CDD21D0F1BD000F710D /* LoginData.swift */,
			);
			path = models;
			sourceTree = "<group>";
		};
		90D01CDF21D0FF10000F710D /* Edit Profile */ = {
			isa = PBXGroup;
			children = (
				90907F6D21D23F840054300C /* models */,
				90D01CE021D0FF2B000F710D /* EditProfileViewController.swift */,
				90907F7221D244E50054300C /* EditProfileViewState.swift */,
				90907F7421D246A60054300C /* PartialEditProfileViewState.swift */,
				90907F7621D248C30054300C /* EditProfileContract.swift */,
				90907F7821D24ADC0054300C /* EditProfilePresenter.swift */,
				90907F7A21D24AEB0054300C /* EditProfileInteractorImpl.swift */,
				90907F7C21D24AF70054300C /* EditProfileServiceImpl.swift */,
			);
			path = "Edit Profile";
			sourceTree = "<group>";
		};
		F952813C0A10FCBCA8731E6E /* Frameworks */ = {
			isa = PBXGroup;
			children = (
				5B8CBDFBFC742F9D7E618CBF /* Pods_Boardly.framework */,
				174973B4561D8E52863E9120 /* Pods_BoardlyTests.framework */,
			);
			name = Frameworks;
			sourceTree = "<group>";
		};
		F9B7DDA27C68D06EBD5740DB /* Pods */ = {
			isa = PBXGroup;
			children = (
				9A3F139836BC7C0AD53049AD /* Pods-Boardly.debug.xcconfig */,
				11463FBCF98EDD6910D16713 /* Pods-Boardly.release.xcconfig */,
				1EA71A45AC5D1A4C7F7A241C /* Pods-BoardlyTests.debug.xcconfig */,
				D7DA30925C02B89ABA9DEEB6 /* Pods-BoardlyTests.release.xcconfig */,
			);
			name = Pods;
			sourceTree = "<group>";
		};
/* End PBXGroup section */

/* Begin PBXNativeTarget section */
		909A8B7021CACDA800166C93 /* Boardly */ = {
			isa = PBXNativeTarget;
			buildConfigurationList = 909A8B8E21CACDAA00166C93 /* Build configuration list for PBXNativeTarget "Boardly" */;
			buildPhases = (
				CD74FF8E8973436E09987E06 /* [CP] Check Pods Manifest.lock */,
				909A8B6D21CACDA800166C93 /* Sources */,
				909A8B6E21CACDA800166C93 /* Frameworks */,
				909A8B6F21CACDA800166C93 /* Resources */,
				835C9EB8C82DFEA122EBFCBE /* [CP] Embed Pods Frameworks */,
				9EE5DAB3E2BF774FE61C6FEB /* [CP] Copy Pods Resources */,
			);
			buildRules = (
			);
			dependencies = (
			);
			name = Boardly;
			productName = Boardly;
			productReference = 909A8B7121CACDA800166C93 /* Boardly.app */;
			productType = "com.apple.product-type.application";
		};
		909A8B8421CACDAA00166C93 /* BoardlyTests */ = {
			isa = PBXNativeTarget;
			buildConfigurationList = 909A8B9121CACDAA00166C93 /* Build configuration list for PBXNativeTarget "BoardlyTests" */;
			buildPhases = (
				EE503C1164D5A031DB21079E /* [CP] Check Pods Manifest.lock */,
				909A8B8121CACDAA00166C93 /* Sources */,
				909A8B8221CACDAA00166C93 /* Frameworks */,
				909A8B8321CACDAA00166C93 /* Resources */,
				4D23FA0D96B8679277F11453 /* [CP] Embed Pods Frameworks */,
			);
			buildRules = (
			);
			dependencies = (
				909A8B8721CACDAA00166C93 /* PBXTargetDependency */,
			);
			name = BoardlyTests;
			productName = BoardlyTests;
			productReference = 909A8B8521CACDAA00166C93 /* BoardlyTests.xctest */;
			productType = "com.apple.product-type.bundle.unit-test";
		};
/* End PBXNativeTarget section */

/* Begin PBXProject section */
		909A8B6921CACDA800166C93 /* Project object */ = {
			isa = PBXProject;
			attributes = {
				LastSwiftUpdateCheck = 1000;
				LastUpgradeCheck = 1000;
				ORGANIZATIONNAME = "Mateusz Dziubek";
				TargetAttributes = {
					909A8B7021CACDA800166C93 = {
						CreatedOnToolsVersion = 10.0;
						SystemCapabilities = {
							com.apple.Keychain = {
								enabled = 1;
							};
						};
					};
					909A8B8421CACDAA00166C93 = {
						CreatedOnToolsVersion = 10.0;
						LastSwiftMigration = 1000;
						TestTargetID = 909A8B7021CACDA800166C93;
					};
				};
			};
			buildConfigurationList = 909A8B6C21CACDA800166C93 /* Build configuration list for PBXProject "Boardly" */;
			compatibilityVersion = "Xcode 9.3";
			developmentRegion = en;
			hasScannedForEncodings = 0;
			knownRegions = (
				en,
				Base,
			);
			mainGroup = 909A8B6821CACDA800166C93;
			productRefGroup = 909A8B7221CACDA800166C93 /* Products */;
			projectDirPath = "";
			projectRoot = "";
			targets = (
				909A8B7021CACDA800166C93 /* Boardly */,
				909A8B8421CACDAA00166C93 /* BoardlyTests */,
			);
		};
/* End PBXProject section */

/* Begin PBXResourcesBuildPhase section */
		909A8B6F21CACDA800166C93 /* Resources */ = {
			isa = PBXResourcesBuildPhase;
			buildActionMask = 2147483647;
			files = (
				909A8B7F21CACDAA00166C93 /* LaunchScreen.storyboard in Resources */,
				909A8BEB21CAEB8E00166C93 /* GoogleService-Info.plist in Resources */,
				909A8B7C21CACDAA00166C93 /* Assets.xcassets in Resources */,
				909A8B7A21CACDA800166C93 /* Main.storyboard in Resources */,
			);
			runOnlyForDeploymentPostprocessing = 0;
		};
		909A8B8321CACDAA00166C93 /* Resources */ = {
			isa = PBXResourcesBuildPhase;
			buildActionMask = 2147483647;
			files = (
			);
			runOnlyForDeploymentPostprocessing = 0;
		};
/* End PBXResourcesBuildPhase section */

/* Begin PBXShellScriptBuildPhase section */
		4D23FA0D96B8679277F11453 /* [CP] Embed Pods Frameworks */ = {
			isa = PBXShellScriptBuildPhase;
			buildActionMask = 2147483647;
			files = (
			);
			inputPaths = (
				"${SRCROOT}/Pods/Target Support Files/Pods-BoardlyTests/Pods-BoardlyTests-frameworks.sh",
				"${BUILT_PRODUCTS_DIR}/RxAtomic/RxAtomic.framework",
				"${BUILT_PRODUCTS_DIR}/RxSwift/RxSwift.framework",
				"${BUILT_PRODUCTS_DIR}/Nimble/Nimble.framework",
				"${BUILT_PRODUCTS_DIR}/Quick/Quick.framework",
				"${BUILT_PRODUCTS_DIR}/RxBlocking/RxBlocking.framework",
				"${BUILT_PRODUCTS_DIR}/RxTest/RxTest.framework",
			);
			name = "[CP] Embed Pods Frameworks";
			outputPaths = (
				"${TARGET_BUILD_DIR}/${FRAMEWORKS_FOLDER_PATH}/RxAtomic.framework",
				"${TARGET_BUILD_DIR}/${FRAMEWORKS_FOLDER_PATH}/RxSwift.framework",
				"${TARGET_BUILD_DIR}/${FRAMEWORKS_FOLDER_PATH}/Nimble.framework",
				"${TARGET_BUILD_DIR}/${FRAMEWORKS_FOLDER_PATH}/Quick.framework",
				"${TARGET_BUILD_DIR}/${FRAMEWORKS_FOLDER_PATH}/RxBlocking.framework",
				"${TARGET_BUILD_DIR}/${FRAMEWORKS_FOLDER_PATH}/RxTest.framework",
			);
			runOnlyForDeploymentPostprocessing = 0;
			shellPath = /bin/sh;
			shellScript = "\"${SRCROOT}/Pods/Target Support Files/Pods-BoardlyTests/Pods-BoardlyTests-frameworks.sh\"\n";
			showEnvVarsInLog = 0;
		};
		835C9EB8C82DFEA122EBFCBE /* [CP] Embed Pods Frameworks */ = {
			isa = PBXShellScriptBuildPhase;
			buildActionMask = 2147483647;
			files = (
			);
			inputPaths = (
				"${SRCROOT}/Pods/Target Support Files/Pods-Boardly/Pods-Boardly-frameworks.sh",
				"${BUILT_PRODUCTS_DIR}/Bolts/Bolts.framework",
				"${BUILT_PRODUCTS_DIR}/FBSDKCoreKit/FBSDKCoreKit.framework",
				"${BUILT_PRODUCTS_DIR}/FBSDKLoginKit/FBSDKLoginKit.framework",
				"${BUILT_PRODUCTS_DIR}/GTMSessionFetcher/GTMSessionFetcher.framework",
				"${BUILT_PRODUCTS_DIR}/GoogleToolboxForMac/GoogleToolboxForMac.framework",
				"${BUILT_PRODUCTS_DIR}/GoogleUtilities/GoogleUtilities.framework",
				"${BUILT_PRODUCTS_DIR}/Protobuf/Protobuf.framework",
				"${BUILT_PRODUCTS_DIR}/RxAtomic/RxAtomic.framework",
				"${BUILT_PRODUCTS_DIR}/RxCocoa/RxCocoa.framework",
				"${BUILT_PRODUCTS_DIR}/RxSwift/RxSwift.framework",
				"${BUILT_PRODUCTS_DIR}/leveldb-library/leveldb.framework",
				"${BUILT_PRODUCTS_DIR}/nanopb/nanopb.framework",
			);
			name = "[CP] Embed Pods Frameworks";
			outputPaths = (
				"${TARGET_BUILD_DIR}/${FRAMEWORKS_FOLDER_PATH}/Bolts.framework",
				"${TARGET_BUILD_DIR}/${FRAMEWORKS_FOLDER_PATH}/FBSDKCoreKit.framework",
				"${TARGET_BUILD_DIR}/${FRAMEWORKS_FOLDER_PATH}/FBSDKLoginKit.framework",
				"${TARGET_BUILD_DIR}/${FRAMEWORKS_FOLDER_PATH}/GTMSessionFetcher.framework",
				"${TARGET_BUILD_DIR}/${FRAMEWORKS_FOLDER_PATH}/GoogleToolboxForMac.framework",
				"${TARGET_BUILD_DIR}/${FRAMEWORKS_FOLDER_PATH}/GoogleUtilities.framework",
				"${TARGET_BUILD_DIR}/${FRAMEWORKS_FOLDER_PATH}/Protobuf.framework",
				"${TARGET_BUILD_DIR}/${FRAMEWORKS_FOLDER_PATH}/RxAtomic.framework",
				"${TARGET_BUILD_DIR}/${FRAMEWORKS_FOLDER_PATH}/RxCocoa.framework",
				"${TARGET_BUILD_DIR}/${FRAMEWORKS_FOLDER_PATH}/RxSwift.framework",
				"${TARGET_BUILD_DIR}/${FRAMEWORKS_FOLDER_PATH}/leveldb.framework",
				"${TARGET_BUILD_DIR}/${FRAMEWORKS_FOLDER_PATH}/nanopb.framework",
			);
			runOnlyForDeploymentPostprocessing = 0;
			shellPath = /bin/sh;
			shellScript = "\"${SRCROOT}/Pods/Target Support Files/Pods-Boardly/Pods-Boardly-frameworks.sh\"\n";
			showEnvVarsInLog = 0;
		};
		9EE5DAB3E2BF774FE61C6FEB /* [CP] Copy Pods Resources */ = {
			isa = PBXShellScriptBuildPhase;
			buildActionMask = 2147483647;
			files = (
			);
			inputPaths = (
				"${SRCROOT}/Pods/Target Support Files/Pods-Boardly/Pods-Boardly-resources.sh",
				"${PODS_ROOT}/GoogleSignIn/Resources/GoogleSignIn.bundle",
			);
			name = "[CP] Copy Pods Resources";
			outputPaths = (
				"${TARGET_BUILD_DIR}/${UNLOCALIZED_RESOURCES_FOLDER_PATH}/GoogleSignIn.bundle",
			);
			runOnlyForDeploymentPostprocessing = 0;
			shellPath = /bin/sh;
			shellScript = "\"${SRCROOT}/Pods/Target Support Files/Pods-Boardly/Pods-Boardly-resources.sh\"\n";
			showEnvVarsInLog = 0;
		};
		CD74FF8E8973436E09987E06 /* [CP] Check Pods Manifest.lock */ = {
			isa = PBXShellScriptBuildPhase;
			buildActionMask = 2147483647;
			files = (
			);
			inputPaths = (
				"${PODS_PODFILE_DIR_PATH}/Podfile.lock",
				"${PODS_ROOT}/Manifest.lock",
			);
			name = "[CP] Check Pods Manifest.lock";
			outputPaths = (
				"$(DERIVED_FILE_DIR)/Pods-Boardly-checkManifestLockResult.txt",
			);
			runOnlyForDeploymentPostprocessing = 0;
			shellPath = /bin/sh;
			shellScript = "diff \"${PODS_PODFILE_DIR_PATH}/Podfile.lock\" \"${PODS_ROOT}/Manifest.lock\" > /dev/null\nif [ $? != 0 ] ; then\n    # print error to STDERR\n    echo \"error: The sandbox is not in sync with the Podfile.lock. Run 'pod install' or update your CocoaPods installation.\" >&2\n    exit 1\nfi\n# This output is used by Xcode 'outputs' to avoid re-running this script phase.\necho \"SUCCESS\" > \"${SCRIPT_OUTPUT_FILE_0}\"\n";
			showEnvVarsInLog = 0;
		};
		EE503C1164D5A031DB21079E /* [CP] Check Pods Manifest.lock */ = {
			isa = PBXShellScriptBuildPhase;
			buildActionMask = 2147483647;
			files = (
			);
			inputPaths = (
				"${PODS_PODFILE_DIR_PATH}/Podfile.lock",
				"${PODS_ROOT}/Manifest.lock",
			);
			name = "[CP] Check Pods Manifest.lock";
			outputPaths = (
				"$(DERIVED_FILE_DIR)/Pods-BoardlyTests-checkManifestLockResult.txt",
			);
			runOnlyForDeploymentPostprocessing = 0;
			shellPath = /bin/sh;
			shellScript = "diff \"${PODS_PODFILE_DIR_PATH}/Podfile.lock\" \"${PODS_ROOT}/Manifest.lock\" > /dev/null\nif [ $? != 0 ] ; then\n    # print error to STDERR\n    echo \"error: The sandbox is not in sync with the Podfile.lock. Run 'pod install' or update your CocoaPods installation.\" >&2\n    exit 1\nfi\n# This output is used by Xcode 'outputs' to avoid re-running this script phase.\necho \"SUCCESS\" > \"${SCRIPT_OUTPUT_FILE_0}\"\n";
			showEnvVarsInLog = 0;
		};
/* End PBXShellScriptBuildPhase section */

/* Begin PBXSourcesBuildPhase section */
		909A8B6D21CACDA800166C93 /* Sources */ = {
			isa = PBXSourcesBuildPhase;
			buildActionMask = 2147483647;
			files = (
				909A8BC821CAE12C00166C93 /* SignUpInteractorImpl.swift in Sources */,
				909A8BCA21CAE14A00166C93 /* SignUpPresenter.swift in Sources */,
				909A8BC021CAE0C400166C93 /* SignUpViewState.swift in Sources */,
				909A8BA621CAD0A500166C93 /* ViewControllerConstants.swift in Sources */,
				909A8BAC21CAD0EE00166C93 /* BaseNavViewController.swift in Sources */,
				909A8BA021CAD05C00166C93 /* InputData.swift in Sources */,
				909A8BC221CAE0E700166C93 /* PartialSignUpViewState.swift in Sources */,
				909A8BA421CAD08D00166C93 /* ImageConstants.swift in Sources */,
				909A8BB421CADFD400166C93 /* LoginViewState.swift in Sources */,
				909A8BC421CAE0FE00166C93 /* SignUpContract.swift in Sources */,
				90A07A2721CE315600EE5349 /* DefaultAuthError.swift in Sources */,
				90F6478B21D7720500C4BB20 /* ViewControllerExtensions.swift in Sources */,
				90D01CDE21D0F1BD000F710D /* LoginData.swift in Sources */,
				90907F7321D244E50054300C /* EditProfileViewState.swift in Sources */,
				909A8BB021CAD21600166C93 /* SignUpViewController.swift in Sources */,
				909A8BBA21CAE02500166C93 /* LoginInteractorImpl.swift in Sources */,
				909A8BAE21CAD11100166C93 /* HomeViewController.swift in Sources */,
				90907F6F21D23F8F0054300C /* EditProfileInputData.swift in Sources */,
				90907F7721D248C30054300C /* EditProfileContract.swift in Sources */,
				909A8B7521CACDA800166C93 /* AppDelegate.swift in Sources */,
				908D920221D615CD00C12ECD /* MainTabViewController.swift in Sources */,
				909A8BBE21CAE05200166C93 /* LoginPresenter.swift in Sources */,
				909A8BA221CAD07800166C93 /* ColorConstants.swift in Sources */,
				90907F7521D246A60054300C /* PartialEditProfileViewState.swift in Sources */,
				909A8BB621CADFED00166C93 /* PartialLoginViewState.swift in Sources */,
				909A8BA821CAD0BB00166C93 /* BoardlyTextField.swift in Sources */,
				90907F7921D24ADC0054300C /* EditProfilePresenter.swift in Sources */,
				908D920621D6388300C12ECD /* MoreTableViewController.swift in Sources */,
				90907F7D21D24AF70054300C /* EditProfileServiceImpl.swift in Sources */,
				90D01CE121D0FF2B000F710D /* EditProfileViewController.swift in Sources */,
				909A8BC621CAE11500166C93 /* SignUpServiceImpl.swift in Sources */,
				908D920B21D640D000C12ECD /* LogOutViewController.swift in Sources */,
				90907F7121D243EA0054300C /* ProfileData.swift in Sources */,
				909A8BAA21CAD0CE00166C93 /* BoardlyButton.swift in Sources */,
				909A8BBC21CAE03D00166C93 /* LoginServiceImpl.swift in Sources */,
				909A8BB221CAD22800166C93 /* LoginViewController.swift in Sources */,
				908D920921D63BFF00C12ECD /* FilterViewController.swift in Sources */,
				90A07A2921CE568900EE5349 /* FirebaseConstants.swift in Sources */,
				90D01CDB21D0E847000F710D /* BaseServiceImpl.swift in Sources */,
				90907F7B21D24AEB0054300C /* EditProfileInteractorImpl.swift in Sources */,
				908D91FC21D504E500C12ECD /* UIImageViewExtensions.swift in Sources */,
				909A8BB821CAE00300166C93 /* LoginContract.swift in Sources */,
			);
			runOnlyForDeploymentPostprocessing = 0;
		};
		909A8B8121CACDAA00166C93 /* Sources */ = {
			isa = PBXSourcesBuildPhase;
			buildActionMask = 2147483647;
			files = (
				908D91F521D3CB5400C12ECD /* MockEditProfileView.swift in Sources */,
				909A8BD421CAE6AF00166C93 /* MockSignUpInteractor.swift in Sources */,
				909A8BE521CAE79F00166C93 /* LoginViewRobot.swift in Sources */,
				909A8BE321CAE78300166C93 /* MockLoginService.swift in Sources */,
				909A8BD821CAE6DB00166C93 /* SignUpViewRobot.swift in Sources */,
				908D91F721D3CB6300C12ECD /* MockEditProfileInteractor.swift in Sources */,
				909A8BE921CAE7CE00166C93 /* LoginInteractorTest.swift in Sources */,
				909A8BE121CAE76900166C93 /* MockLoginInteractor.swift in Sources */,
				909A8BE721CAE7B700166C93 /* LoginPresenterTest.swift in Sources */,
				909A8BDA21CAE70400166C93 /* SignUpPresenterTest.swift in Sources */,
				908D91F321D3C0C100C12ECD /* EditProfileInteractorTest.swift in Sources */,
				909A8BD621CAE6C500166C93 /* MockSignUpService.swift in Sources */,
				909A8BDC21CAE72200166C93 /* SignUpInteractorTest.swift in Sources */,
				908D91F121D3C0B700C12ECD /* EditProfilePresenterTest.swift in Sources */,
				909A8BD221CAE69800166C93 /* MockSignUpView.swift in Sources */,
				908D91F921D3CB7700C12ECD /* MockEditProfileService.swift in Sources */,
				909A8BDF21CAE74400166C93 /* MockLoginView.swift in Sources */,
				908D91EF21D3C0AB00C12ECD /* EditProfileViewRobot.swift in Sources */,
			);
			runOnlyForDeploymentPostprocessing = 0;
		};
/* End PBXSourcesBuildPhase section */

/* Begin PBXTargetDependency section */
		909A8B8721CACDAA00166C93 /* PBXTargetDependency */ = {
			isa = PBXTargetDependency;
			target = 909A8B7021CACDA800166C93 /* Boardly */;
			targetProxy = 909A8B8621CACDAA00166C93 /* PBXContainerItemProxy */;
		};
/* End PBXTargetDependency section */

/* Begin PBXVariantGroup section */
		909A8B7821CACDA800166C93 /* Main.storyboard */ = {
			isa = PBXVariantGroup;
			children = (
				909A8B7921CACDA800166C93 /* Base */,
			);
			name = Main.storyboard;
			sourceTree = "<group>";
		};
		909A8B7D21CACDAA00166C93 /* LaunchScreen.storyboard */ = {
			isa = PBXVariantGroup;
			children = (
				909A8B7E21CACDAA00166C93 /* Base */,
			);
			name = LaunchScreen.storyboard;
			sourceTree = "<group>";
		};
/* End PBXVariantGroup section */

/* Begin XCBuildConfiguration section */
		909A8B8C21CACDAA00166C93 /* Debug */ = {
			isa = XCBuildConfiguration;
			buildSettings = {
				ALWAYS_SEARCH_USER_PATHS = NO;
				CLANG_ANALYZER_NONNULL = YES;
				CLANG_ANALYZER_NUMBER_OBJECT_CONVERSION = YES_AGGRESSIVE;
				CLANG_CXX_LANGUAGE_STANDARD = "gnu++14";
				CLANG_CXX_LIBRARY = "libc++";
				CLANG_ENABLE_MODULES = YES;
				CLANG_ENABLE_OBJC_ARC = YES;
				CLANG_ENABLE_OBJC_WEAK = YES;
				CLANG_WARN_BLOCK_CAPTURE_AUTORELEASING = YES;
				CLANG_WARN_BOOL_CONVERSION = YES;
				CLANG_WARN_COMMA = YES;
				CLANG_WARN_CONSTANT_CONVERSION = YES;
				CLANG_WARN_DEPRECATED_OBJC_IMPLEMENTATIONS = YES;
				CLANG_WARN_DIRECT_OBJC_ISA_USAGE = YES_ERROR;
				CLANG_WARN_DOCUMENTATION_COMMENTS = YES;
				CLANG_WARN_EMPTY_BODY = YES;
				CLANG_WARN_ENUM_CONVERSION = YES;
				CLANG_WARN_INFINITE_RECURSION = YES;
				CLANG_WARN_INT_CONVERSION = YES;
				CLANG_WARN_NON_LITERAL_NULL_CONVERSION = YES;
				CLANG_WARN_OBJC_IMPLICIT_RETAIN_SELF = YES;
				CLANG_WARN_OBJC_LITERAL_CONVERSION = YES;
				CLANG_WARN_OBJC_ROOT_CLASS = YES_ERROR;
				CLANG_WARN_RANGE_LOOP_ANALYSIS = YES;
				CLANG_WARN_STRICT_PROTOTYPES = YES;
				CLANG_WARN_SUSPICIOUS_MOVE = YES;
				CLANG_WARN_UNGUARDED_AVAILABILITY = YES_AGGRESSIVE;
				CLANG_WARN_UNREACHABLE_CODE = YES;
				CLANG_WARN__DUPLICATE_METHOD_MATCH = YES;
				CODE_SIGN_IDENTITY = "iPhone Developer";
				COPY_PHASE_STRIP = NO;
				DEBUG_INFORMATION_FORMAT = dwarf;
				ENABLE_STRICT_OBJC_MSGSEND = YES;
				ENABLE_TESTABILITY = YES;
				GCC_C_LANGUAGE_STANDARD = gnu11;
				GCC_DYNAMIC_NO_PIC = NO;
				GCC_NO_COMMON_BLOCKS = YES;
				GCC_OPTIMIZATION_LEVEL = 0;
				GCC_PREPROCESSOR_DEFINITIONS = (
					"DEBUG=1",
					"$(inherited)",
				);
				GCC_WARN_64_TO_32_BIT_CONVERSION = YES;
				GCC_WARN_ABOUT_RETURN_TYPE = YES_ERROR;
				GCC_WARN_UNDECLARED_SELECTOR = YES;
				GCC_WARN_UNINITIALIZED_AUTOS = YES_AGGRESSIVE;
				GCC_WARN_UNUSED_FUNCTION = YES;
				GCC_WARN_UNUSED_VARIABLE = YES;
				IPHONEOS_DEPLOYMENT_TARGET = 12.0;
				MTL_ENABLE_DEBUG_INFO = INCLUDE_SOURCE;
				MTL_FAST_MATH = YES;
				ONLY_ACTIVE_ARCH = YES;
				"OTHER_LDFLAGS[arch=*]" = "-ObjC";
				SDKROOT = iphoneos;
				SWIFT_ACTIVE_COMPILATION_CONDITIONS = DEBUG;
				SWIFT_OPTIMIZATION_LEVEL = "-Onone";
			};
			name = Debug;
		};
		909A8B8D21CACDAA00166C93 /* Release */ = {
			isa = XCBuildConfiguration;
			buildSettings = {
				ALWAYS_SEARCH_USER_PATHS = NO;
				CLANG_ANALYZER_NONNULL = YES;
				CLANG_ANALYZER_NUMBER_OBJECT_CONVERSION = YES_AGGRESSIVE;
				CLANG_CXX_LANGUAGE_STANDARD = "gnu++14";
				CLANG_CXX_LIBRARY = "libc++";
				CLANG_ENABLE_MODULES = YES;
				CLANG_ENABLE_OBJC_ARC = YES;
				CLANG_ENABLE_OBJC_WEAK = YES;
				CLANG_WARN_BLOCK_CAPTURE_AUTORELEASING = YES;
				CLANG_WARN_BOOL_CONVERSION = YES;
				CLANG_WARN_COMMA = YES;
				CLANG_WARN_CONSTANT_CONVERSION = YES;
				CLANG_WARN_DEPRECATED_OBJC_IMPLEMENTATIONS = YES;
				CLANG_WARN_DIRECT_OBJC_ISA_USAGE = YES_ERROR;
				CLANG_WARN_DOCUMENTATION_COMMENTS = YES;
				CLANG_WARN_EMPTY_BODY = YES;
				CLANG_WARN_ENUM_CONVERSION = YES;
				CLANG_WARN_INFINITE_RECURSION = YES;
				CLANG_WARN_INT_CONVERSION = YES;
				CLANG_WARN_NON_LITERAL_NULL_CONVERSION = YES;
				CLANG_WARN_OBJC_IMPLICIT_RETAIN_SELF = YES;
				CLANG_WARN_OBJC_LITERAL_CONVERSION = YES;
				CLANG_WARN_OBJC_ROOT_CLASS = YES_ERROR;
				CLANG_WARN_RANGE_LOOP_ANALYSIS = YES;
				CLANG_WARN_STRICT_PROTOTYPES = YES;
				CLANG_WARN_SUSPICIOUS_MOVE = YES;
				CLANG_WARN_UNGUARDED_AVAILABILITY = YES_AGGRESSIVE;
				CLANG_WARN_UNREACHABLE_CODE = YES;
				CLANG_WARN__DUPLICATE_METHOD_MATCH = YES;
				CODE_SIGN_IDENTITY = "iPhone Developer";
				COPY_PHASE_STRIP = NO;
				DEBUG_INFORMATION_FORMAT = "dwarf-with-dsym";
				ENABLE_NS_ASSERTIONS = NO;
				ENABLE_STRICT_OBJC_MSGSEND = YES;
				GCC_C_LANGUAGE_STANDARD = gnu11;
				GCC_NO_COMMON_BLOCKS = YES;
				GCC_WARN_64_TO_32_BIT_CONVERSION = YES;
				GCC_WARN_ABOUT_RETURN_TYPE = YES_ERROR;
				GCC_WARN_UNDECLARED_SELECTOR = YES;
				GCC_WARN_UNINITIALIZED_AUTOS = YES_AGGRESSIVE;
				GCC_WARN_UNUSED_FUNCTION = YES;
				GCC_WARN_UNUSED_VARIABLE = YES;
				IPHONEOS_DEPLOYMENT_TARGET = 12.0;
				MTL_ENABLE_DEBUG_INFO = NO;
				MTL_FAST_MATH = YES;
				"OTHER_LDFLAGS[arch=*]" = "-ObjC";
				SDKROOT = iphoneos;
				SWIFT_COMPILATION_MODE = wholemodule;
				SWIFT_OPTIMIZATION_LEVEL = "-O";
				VALIDATE_PRODUCT = YES;
			};
			name = Release;
		};
		909A8B8F21CACDAA00166C93 /* Debug */ = {
			isa = XCBuildConfiguration;
			baseConfigurationReference = 9A3F139836BC7C0AD53049AD /* Pods-Boardly.debug.xcconfig */;
			buildSettings = {
				ASSETCATALOG_COMPILER_APPICON_NAME = AppIcon;
				CODE_SIGN_ENTITLEMENTS = Boardly/Boardly.entitlements;
				CODE_SIGN_STYLE = Automatic;
				DEVELOPMENT_TEAM = Z9389TM6BT;
				INFOPLIST_FILE = Boardly/Resources/Info.plist;
				LD_RUNPATH_SEARCH_PATHS = (
					"$(inherited)",
					"@executable_path/Frameworks",
				);
				PRODUCT_BUNDLE_IDENTIFIER = com.boardly.Boardly;
				PRODUCT_NAME = "$(TARGET_NAME)";
				SWIFT_VERSION = 4.2;
				TARGETED_DEVICE_FAMILY = "1,2";
			};
			name = Debug;
		};
		909A8B9021CACDAA00166C93 /* Release */ = {
			isa = XCBuildConfiguration;
			baseConfigurationReference = 11463FBCF98EDD6910D16713 /* Pods-Boardly.release.xcconfig */;
			buildSettings = {
				ASSETCATALOG_COMPILER_APPICON_NAME = AppIcon;
				CODE_SIGN_ENTITLEMENTS = Boardly/Boardly.entitlements;
				CODE_SIGN_STYLE = Automatic;
				DEVELOPMENT_TEAM = Z9389TM6BT;
				INFOPLIST_FILE = Boardly/Resources/Info.plist;
				LD_RUNPATH_SEARCH_PATHS = (
					"$(inherited)",
					"@executable_path/Frameworks",
				);
				PRODUCT_BUNDLE_IDENTIFIER = com.boardly.Boardly;
				PRODUCT_NAME = "$(TARGET_NAME)";
				SWIFT_VERSION = 4.2;
				TARGETED_DEVICE_FAMILY = "1,2";
			};
			name = Release;
		};
		909A8B9221CACDAA00166C93 /* Debug */ = {
			isa = XCBuildConfiguration;
			baseConfigurationReference = 1EA71A45AC5D1A4C7F7A241C /* Pods-BoardlyTests.debug.xcconfig */;
			buildSettings = {
				BUNDLE_LOADER = "$(TEST_HOST)";
				CLANG_ENABLE_MODULES = YES;
				CODE_SIGN_STYLE = Automatic;
				INFOPLIST_FILE = BoardlyTests/Info.plist;
				LD_RUNPATH_SEARCH_PATHS = (
					"$(inherited)",
					"@executable_path/Frameworks",
					"@loader_path/Frameworks",
				);
				PRODUCT_BUNDLE_IDENTIFIER = com.boardly.BoardlyTests;
				PRODUCT_NAME = "$(TARGET_NAME)";
				SWIFT_OPTIMIZATION_LEVEL = "-Onone";
				SWIFT_VERSION = 4.2;
				TARGETED_DEVICE_FAMILY = "1,2";
				TEST_HOST = "$(BUILT_PRODUCTS_DIR)/Boardly.app/Boardly";
			};
			name = Debug;
		};
		909A8B9321CACDAA00166C93 /* Release */ = {
			isa = XCBuildConfiguration;
			baseConfigurationReference = D7DA30925C02B89ABA9DEEB6 /* Pods-BoardlyTests.release.xcconfig */;
			buildSettings = {
				BUNDLE_LOADER = "$(TEST_HOST)";
				CLANG_ENABLE_MODULES = YES;
				CODE_SIGN_STYLE = Automatic;
				INFOPLIST_FILE = BoardlyTests/Info.plist;
				LD_RUNPATH_SEARCH_PATHS = (
					"$(inherited)",
					"@executable_path/Frameworks",
					"@loader_path/Frameworks",
				);
				PRODUCT_BUNDLE_IDENTIFIER = com.boardly.BoardlyTests;
				PRODUCT_NAME = "$(TARGET_NAME)";
				SWIFT_VERSION = 4.2;
				TARGETED_DEVICE_FAMILY = "1,2";
				TEST_HOST = "$(BUILT_PRODUCTS_DIR)/Boardly.app/Boardly";
			};
			name = Release;
		};
/* End XCBuildConfiguration section */

/* Begin XCConfigurationList section */
		909A8B6C21CACDA800166C93 /* Build configuration list for PBXProject "Boardly" */ = {
			isa = XCConfigurationList;
			buildConfigurations = (
				909A8B8C21CACDAA00166C93 /* Debug */,
				909A8B8D21CACDAA00166C93 /* Release */,
			);
			defaultConfigurationIsVisible = 0;
			defaultConfigurationName = Release;
		};
		909A8B8E21CACDAA00166C93 /* Build configuration list for PBXNativeTarget "Boardly" */ = {
			isa = XCConfigurationList;
			buildConfigurations = (
				909A8B8F21CACDAA00166C93 /* Debug */,
				909A8B9021CACDAA00166C93 /* Release */,
			);
			defaultConfigurationIsVisible = 0;
			defaultConfigurationName = Release;
		};
		909A8B9121CACDAA00166C93 /* Build configuration list for PBXNativeTarget "BoardlyTests" */ = {
			isa = XCConfigurationList;
			buildConfigurations = (
				909A8B9221CACDAA00166C93 /* Debug */,
				909A8B9321CACDAA00166C93 /* Release */,
			);
			defaultConfigurationIsVisible = 0;
			defaultConfigurationName = Release;
		};
/* End XCConfigurationList section */
	};
	rootObject = 909A8B6921CACDA800166C93 /* Project object */;
}
